
Microsoft Visual Studio Solution File, Format Version 12.00
# Visual Studio Version 16
VisualStudioVersion = 16.0.30523.141
MinimumVisualStudioVersion = 10.0.40219.1
Project("{FAE04EC0-301F-11D3-BF4B-00C04F79EFBC}") = "MultiFileRename", "MultiFileRename.csproj", "{FECACE8A-06BC-424C-B260-A2385CFBCEBD}"
EndProject
Global
	GlobalSection(SolutionConfigurationPlatforms) = preSolution
		Debug|Any CPU = Debug|Any CPU
		Release|Any CPU = Release|Any CPU
	EndGlobalSection
	GlobalSection(ProjectConfigurationPlatforms) = postSolution
		{FECACE8A-06BC-424C-B260-A2385CFBCEBD}.Debug|Any CPU.ActiveCfg = Debug|Any CPU
		{FECACE8A-06BC-424C-B260-A2385CFBCEBD}.Debug|Any CPU.Build.0 = Debug|Any CPU
		{FECACE8A-06BC-424C-B260-A2385CFBCEBD}.Release|Any CPU.ActiveCfg = Release|Any CPU
		{FECACE8A-06BC-424C-B260-A2385CFBCEBD}.Release|Any CPU.Build.0 = Release|Any CPU
	EndGlobalSection
	GlobalSection(SolutionProperties) = preSolution
		HideSolutionNode = FALSE
	EndGlobalSection
	GlobalSection(ExtensibilityGlobals) = postSolution
		SolutionGuid = {96536DF7-F980-43E9-8DAB-BC20AD43EDA4}
	EndGlobalSection
EndGlobal
